// !$*UTF8*$!
{
	archiveVersion = 1;
	classes = {
	};
	objectVersion = 77;
	objects = {

/* Begin PBXBuildFile section */
		E80DBC0E2CE36D8E009CB06D /* Endpoint.swift in Sources */ = {isa = PBXBuildFile; fileRef = E80DBC072CE36D8E009CB06D /* Endpoint.swift */; };
		E80DBC0F2CE36D8E009CB06D /* NetworkManager.swift in Sources */ = {isa = PBXBuildFile; fileRef = E80DBC082CE36D8E009CB06D /* NetworkManager.swift */; };
		E80DBC122CE36F61009CB06D /* HoldingsEndpoint.swift in Sources */ = {isa = PBXBuildFile; fileRef = E80DBC112CE36F61009CB06D /* HoldingsEndpoint.swift */; };
		E80DBC162CE370CA009CB06D /* HoldingsRepository.swift in Sources */ = {isa = PBXBuildFile; fileRef = E80DBC152CE370CA009CB06D /* HoldingsRepository.swift */; };
		E80DBC182CE370EE009CB06D /* HoldingsRepositoryImpl.swift in Sources */ = {isa = PBXBuildFile; fileRef = E80DBC172CE370EE009CB06D /* HoldingsRepositoryImpl.swift */; };
		E80DBC1A2CE371A2009CB06D /* HoldingsDTO.swift in Sources */ = {isa = PBXBuildFile; fileRef = E80DBC192CE371A2009CB06D /* HoldingsDTO.swift */; };
		E80DBC1C2CE371CE009CB06D /* Holdings.swift in Sources */ = {isa = PBXBuildFile; fileRef = E80DBC1B2CE371CE009CB06D /* Holdings.swift */; };
		E80DBC1E2CE37555009CB06D /* UserHolding.swift in Sources */ = {isa = PBXBuildFile; fileRef = E80DBC1D2CE37555009CB06D /* UserHolding.swift */; };
		E80DBC202CE375D7009CB06D /* GetHoldingUseCase.swift in Sources */ = {isa = PBXBuildFile; fileRef = E80DBC1F2CE375D7009CB06D /* GetHoldingUseCase.swift */; };
		E80DBC222CE37672009CB06D /* HoldingsViewModel.swift in Sources */ = {isa = PBXBuildFile; fileRef = E80DBC212CE37672009CB06D /* HoldingsViewModel.swift */; };
		E80DBC242CE37E15009CB06D /* HoldingCell.swift in Sources */ = {isa = PBXBuildFile; fileRef = E80DBC232CE37E15009CB06D /* HoldingCell.swift */; };
		E851A8C82CE48DD9005D2ABB /* NSMutableAttributedString+Extension.swift in Sources */ = {isa = PBXBuildFile; fileRef = E851A8C72CE48DD9005D2ABB /* NSMutableAttributedString+Extension.swift */; };
		E85ACAAE2CE3EE9400BC6E1A /* Double+Extension.swift in Sources */ = {isa = PBXBuildFile; fileRef = E85ACAAD2CE3EE9400BC6E1A /* Double+Extension.swift */; };
		E85ACAB02CE3EEB600BC6E1A /* Array+Extension.swift in Sources */ = {isa = PBXBuildFile; fileRef = E85ACAAF2CE3EEB600BC6E1A /* Array+Extension.swift */; };
		E85ACAB22CE3EED900BC6E1A /* UIStackView+Extension.swift in Sources */ = {isa = PBXBuildFile; fileRef = E85ACAB12CE3EED900BC6E1A /* UIStackView+Extension.swift */; };
		E85ACAB42CE3F7CB00BC6E1A /* UIFont+Extension.swift in Sources */ = {isa = PBXBuildFile; fileRef = E85ACAB32CE3F7CB00BC6E1A /* UIFont+Extension.swift */; };
		E85ACAB62CE3F7F200BC6E1A /* UIColor+Extension.swift in Sources */ = {isa = PBXBuildFile; fileRef = E85ACAB52CE3F7F200BC6E1A /* UIColor+Extension.swift */; };
		E85ACAB82CE3F88100BC6E1A /* BottomViewState.swift in Sources */ = {isa = PBXBuildFile; fileRef = E85ACAB72CE3F88100BC6E1A /* BottomViewState.swift */; };
		E85ACABA2CE3F8A000BC6E1A /* InvestmentViewAttributes.swift in Sources */ = {isa = PBXBuildFile; fileRef = E85ACAB92CE3F8A000BC6E1A /* InvestmentViewAttributes.swift */; };
		E85ACABC2CE3F8C900BC6E1A /* HoldingCellAttribute.swift in Sources */ = {isa = PBXBuildFile; fileRef = E85ACABB2CE3F8C900BC6E1A /* HoldingCellAttribute.swift */; };
		E85ACAC22CE40DDA00BC6E1A /* HoldingRouter.swift in Sources */ = {isa = PBXBuildFile; fileRef = E85ACAC12CE40DDA00BC6E1A /* HoldingRouter.swift */; };
		E85ACAC52CE411DF00BC6E1A /* HoldingResolver.swift in Sources */ = {isa = PBXBuildFile; fileRef = E85ACAC42CE411DF00BC6E1A /* HoldingResolver.swift */; };
		E85ACAC82CE479DF00BC6E1A /* MockNetworkManager.swift in Sources */ = {isa = PBXBuildFile; fileRef = E85ACAC72CE479CE00BC6E1A /* MockNetworkManager.swift */; };
		E85ACACE2CE4829D00BC6E1A /* holdings_success_response.json in Resources */ = {isa = PBXBuildFile; fileRef = E85ACACD2CE4829D00BC6E1A /* holdings_success_response.json */; };
		E85ACAD02CE4859300BC6E1A /* holdings_empty_response.json in Resources */ = {isa = PBXBuildFile; fileRef = E85ACACF2CE4859300BC6E1A /* holdings_empty_response.json */; };
		E85ACAD22CE485F600BC6E1A /* holdings_failure_response.json in Resources */ = {isa = PBXBuildFile; fileRef = E85ACAD12CE485F600BC6E1A /* holdings_failure_response.json */; };
		E85ACAD52CE486CC00BC6E1A /* GetHoldingUseCaseTests.swift in Sources */ = {isa = PBXBuildFile; fileRef = E85ACAD42CE486CC00BC6E1A /* GetHoldingUseCaseTests.swift */; };
		E85ACAD82CE488F100BC6E1A /* HoldingsViewModelTest.swift in Sources */ = {isa = PBXBuildFile; fileRef = E85ACAD72CE488F100BC6E1A /* HoldingsViewModelTest.swift */; };
		E8B5C6C02CE3C5D900A19B73 /* InvestmentBottomView.swift in Sources */ = {isa = PBXBuildFile; fileRef = E8B5C6BF2CE3C5D900A19B73 /* InvestmentBottomView.swift */; };
		E8FFD6EF2CE3694400DFF782 /* AppDelegate.swift in Sources */ = {isa = PBXBuildFile; fileRef = E8FFD6E52CE3694400DFF782 /* AppDelegate.swift */; };
		E8FFD6F12CE3694400DFF782 /* HoldingsViewController.swift in Sources */ = {isa = PBXBuildFile; fileRef = E8FFD6ED2CE3694400DFF782 /* HoldingsViewController.swift */; };
		E8FFD6F22CE3694400DFF782 /* Assets.xcassets in Resources */ = {isa = PBXBuildFile; fileRef = E8FFD6E62CE3694400DFF782 /* Assets.xcassets */; };
		E8FFD6F42CE3694400DFF782 /* LaunchScreen.storyboard in Resources */ = {isa = PBXBuildFile; fileRef = E8FFD6E92CE3694400DFF782 /* LaunchScreen.storyboard */; };
		E8FFD6F82CE3694600DFF782 /* HoldingRepositoryTest.swift in Sources */ = {isa = PBXBuildFile; fileRef = E8FFD6F62CE3694600DFF782 /* HoldingRepositoryTest.swift */; };
/* End PBXBuildFile section */

/* Begin PBXContainerItemProxy section */
		E8FFD6C82CE3691E00DFF782 /* PBXContainerItemProxy */ = {
			isa = PBXContainerItemProxy;
			containerPortal = E8FFD6A92CE3691C00DFF782 /* Project object */;
			proxyType = 1;
			remoteGlobalIDString = E8FFD6B02CE3691C00DFF782;
			remoteInfo = UpstoxHolding;
		};
/* End PBXContainerItemProxy section */

/* Begin PBXFileReference section */
		E80DBC072CE36D8E009CB06D /* Endpoint.swift */ = {isa = PBXFileReference; lastKnownFileType = sourcecode.swift; path = Endpoint.swift; sourceTree = "<group>"; };
		E80DBC082CE36D8E009CB06D /* NetworkManager.swift */ = {isa = PBXFileReference; lastKnownFileType = sourcecode.swift; path = NetworkManager.swift; sourceTree = "<group>"; };
		E80DBC112CE36F61009CB06D /* HoldingsEndpoint.swift */ = {isa = PBXFileReference; lastKnownFileType = sourcecode.swift; path = HoldingsEndpoint.swift; sourceTree = "<group>"; };
		E80DBC152CE370CA009CB06D /* HoldingsRepository.swift */ = {isa = PBXFileReference; lastKnownFileType = sourcecode.swift; path = HoldingsRepository.swift; sourceTree = "<group>"; };
		E80DBC172CE370EE009CB06D /* HoldingsRepositoryImpl.swift */ = {isa = PBXFileReference; lastKnownFileType = sourcecode.swift; path = HoldingsRepositoryImpl.swift; sourceTree = "<group>"; };
		E80DBC192CE371A2009CB06D /* HoldingsDTO.swift */ = {isa = PBXFileReference; lastKnownFileType = sourcecode.swift; path = HoldingsDTO.swift; sourceTree = "<group>"; };
		E80DBC1B2CE371CE009CB06D /* Holdings.swift */ = {isa = PBXFileReference; lastKnownFileType = sourcecode.swift; path = Holdings.swift; sourceTree = "<group>"; };
		E80DBC1D2CE37555009CB06D /* UserHolding.swift */ = {isa = PBXFileReference; lastKnownFileType = sourcecode.swift; path = UserHolding.swift; sourceTree = "<group>"; };
		E80DBC1F2CE375D7009CB06D /* GetHoldingUseCase.swift */ = {isa = PBXFileReference; lastKnownFileType = sourcecode.swift; path = GetHoldingUseCase.swift; sourceTree = "<group>"; };
		E80DBC212CE37672009CB06D /* HoldingsViewModel.swift */ = {isa = PBXFileReference; lastKnownFileType = sourcecode.swift; path = HoldingsViewModel.swift; sourceTree = "<group>"; };
		E80DBC232CE37E15009CB06D /* HoldingCell.swift */ = {isa = PBXFileReference; lastKnownFileType = sourcecode.swift; path = HoldingCell.swift; sourceTree = "<group>"; };
		E851A8C72CE48DD9005D2ABB /* NSMutableAttributedString+Extension.swift */ = {isa = PBXFileReference; lastKnownFileType = sourcecode.swift; path = "NSMutableAttributedString+Extension.swift"; sourceTree = "<group>"; };
		E85ACAAD2CE3EE9400BC6E1A /* Double+Extension.swift */ = {isa = PBXFileReference; lastKnownFileType = sourcecode.swift; path = "Double+Extension.swift"; sourceTree = "<group>"; };
		E85ACAAF2CE3EEB600BC6E1A /* Array+Extension.swift */ = {isa = PBXFileReference; lastKnownFileType = sourcecode.swift; path = "Array+Extension.swift"; sourceTree = "<group>"; };
		E85ACAB12CE3EED900BC6E1A /* UIStackView+Extension.swift */ = {isa = PBXFileReference; lastKnownFileType = sourcecode.swift; path = "UIStackView+Extension.swift"; sourceTree = "<group>"; };
		E85ACAB32CE3F7CB00BC6E1A /* UIFont+Extension.swift */ = {isa = PBXFileReference; lastKnownFileType = sourcecode.swift; path = "UIFont+Extension.swift"; sourceTree = "<group>"; };
		E85ACAB52CE3F7F200BC6E1A /* UIColor+Extension.swift */ = {isa = PBXFileReference; lastKnownFileType = sourcecode.swift; path = "UIColor+Extension.swift"; sourceTree = "<group>"; };
		E85ACAB72CE3F88100BC6E1A /* BottomViewState.swift */ = {isa = PBXFileReference; lastKnownFileType = sourcecode.swift; path = BottomViewState.swift; sourceTree = "<group>"; };
		E85ACAB92CE3F8A000BC6E1A /* InvestmentViewAttributes.swift */ = {isa = PBXFileReference; lastKnownFileType = sourcecode.swift; path = InvestmentViewAttributes.swift; sourceTree = "<group>"; };
		E85ACABB2CE3F8C900BC6E1A /* HoldingCellAttribute.swift */ = {isa = PBXFileReference; lastKnownFileType = sourcecode.swift; path = HoldingCellAttribute.swift; sourceTree = "<group>"; };
		E85ACAC12CE40DDA00BC6E1A /* HoldingRouter.swift */ = {isa = PBXFileReference; lastKnownFileType = sourcecode.swift; path = HoldingRouter.swift; sourceTree = "<group>"; };
		E85ACAC42CE411DF00BC6E1A /* HoldingResolver.swift */ = {isa = PBXFileReference; lastKnownFileType = sourcecode.swift; path = HoldingResolver.swift; sourceTree = "<group>"; };
		E85ACAC72CE479CE00BC6E1A /* MockNetworkManager.swift */ = {isa = PBXFileReference; lastKnownFileType = sourcecode.swift; path = MockNetworkManager.swift; sourceTree = "<group>"; };
		E85ACACD2CE4829D00BC6E1A /* holdings_success_response.json */ = {isa = PBXFileReference; lastKnownFileType = text.json; path = holdings_success_response.json; sourceTree = "<group>"; };
		E85ACACF2CE4859300BC6E1A /* holdings_empty_response.json */ = {isa = PBXFileReference; lastKnownFileType = text.json; path = holdings_empty_response.json; sourceTree = "<group>"; };
		E85ACAD12CE485F600BC6E1A /* holdings_failure_response.json */ = {isa = PBXFileReference; lastKnownFileType = text.json; path = holdings_failure_response.json; sourceTree = "<group>"; };
		E85ACAD42CE486CC00BC6E1A /* GetHoldingUseCaseTests.swift */ = {isa = PBXFileReference; lastKnownFileType = sourcecode.swift; path = GetHoldingUseCaseTests.swift; sourceTree = "<group>"; };
		E85ACAD72CE488F100BC6E1A /* HoldingsViewModelTest.swift */ = {isa = PBXFileReference; lastKnownFileType = sourcecode.swift; path = HoldingsViewModelTest.swift; sourceTree = "<group>"; };
		E8B5C6BF2CE3C5D900A19B73 /* InvestmentBottomView.swift */ = {isa = PBXFileReference; lastKnownFileType = sourcecode.swift; path = InvestmentBottomView.swift; sourceTree = "<group>"; };
		E8FFD6B12CE3691C00DFF782 /* UpstoxHolding.app */ = {isa = PBXFileReference; explicitFileType = wrapper.application; includeInIndex = 0; path = UpstoxHolding.app; sourceTree = BUILT_PRODUCTS_DIR; };
		E8FFD6C72CE3691E00DFF782 /* UpstoxHoldingTests.xctest */ = {isa = PBXFileReference; explicitFileType = wrapper.cfbundle; includeInIndex = 0; path = UpstoxHoldingTests.xctest; sourceTree = BUILT_PRODUCTS_DIR; };
		E8FFD6E52CE3694400DFF782 /* AppDelegate.swift */ = {isa = PBXFileReference; lastKnownFileType = sourcecode.swift; path = AppDelegate.swift; sourceTree = "<group>"; };
		E8FFD6E62CE3694400DFF782 /* Assets.xcassets */ = {isa = PBXFileReference; lastKnownFileType = folder.assetcatalog; path = Assets.xcassets; sourceTree = "<group>"; };
		E8FFD6E72CE3694400DFF782 /* Info.plist */ = {isa = PBXFileReference; lastKnownFileType = text.plist.xml; path = Info.plist; sourceTree = "<group>"; };
		E8FFD6E82CE3694400DFF782 /* Base */ = {isa = PBXFileReference; lastKnownFileType = file.storyboard; name = Base; path = Base.lproj/LaunchScreen.storyboard; sourceTree = "<group>"; };
		E8FFD6ED2CE3694400DFF782 /* HoldingsViewController.swift */ = {isa = PBXFileReference; lastKnownFileType = sourcecode.swift; path = HoldingsViewController.swift; sourceTree = "<group>"; };
		E8FFD6F62CE3694600DFF782 /* HoldingRepositoryTest.swift */ = {isa = PBXFileReference; lastKnownFileType = sourcecode.swift; path = HoldingRepositoryTest.swift; sourceTree = "<group>"; };
/* End PBXFileReference section */

/* Begin PBXFrameworksBuildPhase section */
		E8FFD6AE2CE3691C00DFF782 /* Frameworks */ = {
			isa = PBXFrameworksBuildPhase;
			buildActionMask = 2147483647;
			files = (
			);
			runOnlyForDeploymentPostprocessing = 0;
		};
		E8FFD6C42CE3691E00DFF782 /* Frameworks */ = {
			isa = PBXFrameworksBuildPhase;
			buildActionMask = 2147483647;
			files = (
			);
			runOnlyForDeploymentPostprocessing = 0;
		};
/* End PBXFrameworksBuildPhase section */

/* Begin PBXGroup section */
		E80DBBFF2CE36D8E009CB06D /* DTO */ = {
			isa = PBXGroup;
			children = (
				E80DBC192CE371A2009CB06D /* HoldingsDTO.swift */,
			);
			path = DTO;
			sourceTree = "<group>";
		};
		E80DBC002CE36D8E009CB06D /* Repository */ = {
			isa = PBXGroup;
			children = (
				E80DBC172CE370EE009CB06D /* HoldingsRepositoryImpl.swift */,
			);
			path = Repository;
			sourceTree = "<group>";
		};
		E80DBC012CE36D8E009CB06D /* Data */ = {
			isa = PBXGroup;
			children = (
				E80DBBFF2CE36D8E009CB06D /* DTO */,
				E80DBC002CE36D8E009CB06D /* Repository */,
			);
			path = Data;
			sourceTree = "<group>";
		};
		E80DBC022CE36D8E009CB06D /* Model */ = {
			isa = PBXGroup;
			children = (
				E80DBC1D2CE37555009CB06D /* UserHolding.swift */,
				E80DBC1B2CE371CE009CB06D /* Holdings.swift */,
			);
			path = Model;
			sourceTree = "<group>";
		};
		E80DBC032CE36D8E009CB06D /* Repository */ = {
			isa = PBXGroup;
			children = (
				E80DBC152CE370CA009CB06D /* HoldingsRepository.swift */,
			);
			path = Repository;
			sourceTree = "<group>";
		};
		E80DBC042CE36D8E009CB06D /* UseCase */ = {
			isa = PBXGroup;
			children = (
				E80DBC1F2CE375D7009CB06D /* GetHoldingUseCase.swift */,
			);
			path = UseCase;
			sourceTree = "<group>";
		};
		E80DBC052CE36D8E009CB06D /* Domain */ = {
			isa = PBXGroup;
			children = (
				E80DBC022CE36D8E009CB06D /* Model */,
				E80DBC032CE36D8E009CB06D /* Repository */,
				E80DBC042CE36D8E009CB06D /* UseCase */,
			);
			path = Domain;
			sourceTree = "<group>";
		};
		E80DBC062CE36D8E009CB06D /* AppEndpoints */ = {
			isa = PBXGroup;
			children = (
				E80DBC112CE36F61009CB06D /* HoldingsEndpoint.swift */,
			);
			path = AppEndpoints;
			sourceTree = "<group>";
		};
		E80DBC092CE36D8E009CB06D /* NetworkClient */ = {
			isa = PBXGroup;
			children = (
				E80DBC062CE36D8E009CB06D /* AppEndpoints */,
				E80DBC072CE36D8E009CB06D /* Endpoint.swift */,
				E80DBC082CE36D8E009CB06D /* NetworkManager.swift */,
			);
			path = NetworkClient;
			sourceTree = "<group>";
		};
		E80DBC0A2CE36D8E009CB06D /* View */ = {
			isa = PBXGroup;
			children = (
				E85ACABB2CE3F8C900BC6E1A /* HoldingCellAttribute.swift */,
				E85ACAB92CE3F8A000BC6E1A /* InvestmentViewAttributes.swift */,
				E80DBC232CE37E15009CB06D /* HoldingCell.swift */,
				E8B5C6BF2CE3C5D900A19B73 /* InvestmentBottomView.swift */,
			);
			path = View;
			sourceTree = "<group>";
		};
		E80DBC0B2CE36D8E009CB06D /* ViewModel */ = {
			isa = PBXGroup;
			children = (
				E80DBC212CE37672009CB06D /* HoldingsViewModel.swift */,
			);
			path = ViewModel;
			sourceTree = "<group>";
		};
		E80DBC0C2CE36D8E009CB06D /* Presentation */ = {
			isa = PBXGroup;
			children = (
				E80DBC102CE36DA4009CB06D /* ViewController */,
				E80DBC0A2CE36D8E009CB06D /* View */,
				E80DBC0B2CE36D8E009CB06D /* ViewModel */,
			);
			path = Presentation;
			sourceTree = "<group>";
		};
		E80DBC0D2CE36D8E009CB06D /* source */ = {
			isa = PBXGroup;
			children = (
				E85ACAC02CE40DCE00BC6E1A /* Router */,
				E85ACAAC2CE3EE5C00BC6E1A /* Extension */,
				E80DBC012CE36D8E009CB06D /* Data */,
				E80DBC052CE36D8E009CB06D /* Domain */,
				E80DBC092CE36D8E009CB06D /* NetworkClient */,
				E80DBC0C2CE36D8E009CB06D /* Presentation */,
			);
			path = source;
			sourceTree = "<group>";
		};
		E80DBC102CE36DA4009CB06D /* ViewController */ = {
			isa = PBXGroup;
			children = (
				E85ACAB72CE3F88100BC6E1A /* BottomViewState.swift */,
				E8FFD6ED2CE3694400DFF782 /* HoldingsViewController.swift */,
			);
			path = ViewController;
			sourceTree = "<group>";
		};
		E85ACAAC2CE3EE5C00BC6E1A /* Extension */ = {
			isa = PBXGroup;
			children = (
				E851A8C72CE48DD9005D2ABB /* NSMutableAttributedString+Extension.swift */,
				E85ACAB52CE3F7F200BC6E1A /* UIColor+Extension.swift */,
				E85ACAB32CE3F7CB00BC6E1A /* UIFont+Extension.swift */,
				E85ACAB12CE3EED900BC6E1A /* UIStackView+Extension.swift */,
				E85ACAAF2CE3EEB600BC6E1A /* Array+Extension.swift */,
				E85ACAAD2CE3EE9400BC6E1A /* Double+Extension.swift */,
			);
			path = Extension;
			sourceTree = "<group>";
		};
		E85ACABF2CE401C400BC6E1A /* Assets */ = {
			isa = PBXGroup;
			children = (
				E8FFD6E62CE3694400DFF782 /* Assets.xcassets */,
				E8FFD6E92CE3694400DFF782 /* LaunchScreen.storyboard */,
			);
			path = Assets;
			sourceTree = "<group>";
		};
		E85ACAC02CE40DCE00BC6E1A /* Router */ = {
			isa = PBXGroup;
			children = (
				E85ACAC32CE411D700BC6E1A /* Resolver */,
				E85ACAC12CE40DDA00BC6E1A /* HoldingRouter.swift */,
			);
			path = Router;
			sourceTree = "<group>";
		};
		E85ACAC32CE411D700BC6E1A /* Resolver */ = {
			isa = PBXGroup;
			children = (
				E85ACAC42CE411DF00BC6E1A /* HoldingResolver.swift */,
			);
			path = Resolver;
			sourceTree = "<group>";
		};
		E85ACAC62CE479C400BC6E1A /* Mocks */ = {
			isa = PBXGroup;
			children = (
				E85ACAC92CE4808F00BC6E1A /* Files */,
				E85ACAC72CE479CE00BC6E1A /* MockNetworkManager.swift */,
			);
			path = Mocks;
			sourceTree = "<group>";
		};
		E85ACAC92CE4808F00BC6E1A /* Files */ = {
			isa = PBXGroup;
			children = (
				E85ACACD2CE4829D00BC6E1A /* holdings_success_response.json */,
				E85ACACF2CE4859300BC6E1A /* holdings_empty_response.json */,
				E85ACAD12CE485F600BC6E1A /* holdings_failure_response.json */,
			);
			path = Files;
			sourceTree = "<group>";
		};
		E85ACACA2CE480A200BC6E1A /* Repository */ = {
			isa = PBXGroup;
			children = (
				E8FFD6F62CE3694600DFF782 /* HoldingRepositoryTest.swift */,
			);
			path = Repository;
			sourceTree = "<group>";
		};
		E85ACAD32CE486B700BC6E1A /* UseCase */ = {
			isa = PBXGroup;
			children = (
				E85ACAD42CE486CC00BC6E1A /* GetHoldingUseCaseTests.swift */,
			);
			path = UseCase;
			sourceTree = "<group>";
		};
		E85ACAD62CE4883800BC6E1A /* ViewModel */ = {
			isa = PBXGroup;
			children = (
				E85ACAD72CE488F100BC6E1A /* HoldingsViewModelTest.swift */,
			);
			path = ViewModel;
			sourceTree = "<group>";
		};
		E8FFD6A82CE3691C00DFF782 = {
			isa = PBXGroup;
			children = (
				E8FFD6EE2CE3694400DFF782 /* UpstoxHolding */,
				E8FFD6F72CE3694600DFF782 /* UpstoxHoldingTests */,
				E8FFD6B22CE3691C00DFF782 /* Products */,
			);
			sourceTree = "<group>";
		};
		E8FFD6B22CE3691C00DFF782 /* Products */ = {
			isa = PBXGroup;
			children = (
				E8FFD6B12CE3691C00DFF782 /* UpstoxHolding.app */,
				E8FFD6C72CE3691E00DFF782 /* UpstoxHoldingTests.xctest */,
			);
			name = Products;
			sourceTree = "<group>";
		};
		E8FFD6EE2CE3694400DFF782 /* UpstoxHolding */ = {
			isa = PBXGroup;
			children = (
				E8FFD6E72CE3694400DFF782 /* Info.plist */,
				E85ACABF2CE401C400BC6E1A /* Assets */,
				E80DBC0D2CE36D8E009CB06D /* source */,
				E8FFD6E52CE3694400DFF782 /* AppDelegate.swift */,
			);
			path = UpstoxHolding;
			sourceTree = "<group>";
		};
		E8FFD6F72CE3694600DFF782 /* UpstoxHoldingTests */ = {
			isa = PBXGroup;
			children = (
				E85ACAD62CE4883800BC6E1A /* ViewModel */,
				E85ACAD32CE486B700BC6E1A /* UseCase */,
				E85ACACA2CE480A200BC6E1A /* Repository */,
				E85ACAC62CE479C400BC6E1A /* Mocks */,
			);
			path = UpstoxHoldingTests;
			sourceTree = "<group>";
		};
/* End PBXGroup section */

/* Begin PBXNativeTarget section */
		E8FFD6B02CE3691C00DFF782 /* UpstoxHolding */ = {
			isa = PBXNativeTarget;
			buildConfigurationList = E8FFD6DA2CE3691E00DFF782 /* Build configuration list for PBXNativeTarget "UpstoxHolding" */;
			buildPhases = (
				E8FFD6AD2CE3691C00DFF782 /* Sources */,
				E8FFD6AE2CE3691C00DFF782 /* Frameworks */,
				E8FFD6AF2CE3691C00DFF782 /* Resources */,
			);
			buildRules = (
			);
			dependencies = (
			);
			name = UpstoxHolding;
			packageProductDependencies = (
			);
			productName = UpstoxHolding;
			productReference = E8FFD6B12CE3691C00DFF782 /* UpstoxHolding.app */;
			productType = "com.apple.product-type.application";
		};
		E8FFD6C62CE3691E00DFF782 /* UpstoxHoldingTests */ = {
			isa = PBXNativeTarget;
			buildConfigurationList = E8FFD6DF2CE3691E00DFF782 /* Build configuration list for PBXNativeTarget "UpstoxHoldingTests" */;
			buildPhases = (
				E8FFD6C32CE3691E00DFF782 /* Sources */,
				E8FFD6C42CE3691E00DFF782 /* Frameworks */,
				E8FFD6C52CE3691E00DFF782 /* Resources */,
			);
			buildRules = (
			);
			dependencies = (
				E8FFD6C92CE3691E00DFF782 /* PBXTargetDependency */,
			);
			name = UpstoxHoldingTests;
			packageProductDependencies = (
			);
			productName = UpstoxHoldingTests;
			productReference = E8FFD6C72CE3691E00DFF782 /* UpstoxHoldingTests.xctest */;
			productType = "com.apple.product-type.bundle.unit-test";
		};
/* End PBXNativeTarget section */

/* Begin PBXProject section */
		E8FFD6A92CE3691C00DFF782 /* Project object */ = {
			isa = PBXProject;
			attributes = {
				BuildIndependentTargetsInParallel = 1;
				LastSwiftUpdateCheck = 1600;
				LastUpgradeCheck = 1600;
				TargetAttributes = {
					E8FFD6B02CE3691C00DFF782 = {
						CreatedOnToolsVersion = 16.0;
					};
					E8FFD6C62CE3691E00DFF782 = {
						CreatedOnToolsVersion = 16.0;
						TestTargetID = E8FFD6B02CE3691C00DFF782;
					};
				};
			};
			buildConfigurationList = E8FFD6AC2CE3691C00DFF782 /* Build configuration list for PBXProject "UpstoxHolding" */;
			developmentRegion = en;
			hasScannedForEncodings = 0;
			knownRegions = (
				en,
				Base,
			);
			mainGroup = E8FFD6A82CE3691C00DFF782;
			minimizedProjectReferenceProxies = 1;
			preferredProjectObjectVersion = 77;
			productRefGroup = E8FFD6B22CE3691C00DFF782 /* Products */;
			projectDirPath = "";
			projectRoot = "";
			targets = (
				E8FFD6B02CE3691C00DFF782 /* UpstoxHolding */,
				E8FFD6C62CE3691E00DFF782 /* UpstoxHoldingTests */,
			);
		};
/* End PBXProject section */

/* Begin PBXResourcesBuildPhase section */
		E8FFD6AF2CE3691C00DFF782 /* Resources */ = {
			isa = PBXResourcesBuildPhase;
			buildActionMask = 2147483647;
			files = (
				E8FFD6F22CE3694400DFF782 /* Assets.xcassets in Resources */,
				E8FFD6F42CE3694400DFF782 /* LaunchScreen.storyboard in Resources */,
			);
			runOnlyForDeploymentPostprocessing = 0;
		};
		E8FFD6C52CE3691E00DFF782 /* Resources */ = {
			isa = PBXResourcesBuildPhase;
			buildActionMask = 2147483647;
			files = (
				E85ACAD02CE4859300BC6E1A /* holdings_empty_response.json in Resources */,
				E85ACAD22CE485F600BC6E1A /* holdings_failure_response.json in Resources */,
				E85ACACE2CE4829D00BC6E1A /* holdings_success_response.json in Resources */,
			);
			runOnlyForDeploymentPostprocessing = 0;
		};
/* End PBXResourcesBuildPhase section */

/* Begin PBXSourcesBuildPhase section */
		E8FFD6AD2CE3691C00DFF782 /* Sources */ = {
			isa = PBXSourcesBuildPhase;
			buildActionMask = 2147483647;
			files = (
				E851A8C82CE48DD9005D2ABB /* NSMutableAttributedString+Extension.swift in Sources */,
				E80DBC122CE36F61009CB06D /* HoldingsEndpoint.swift in Sources */,
				E80DBC182CE370EE009CB06D /* HoldingsRepositoryImpl.swift in Sources */,
				E85ACAB42CE3F7CB00BC6E1A /* UIFont+Extension.swift in Sources */,
				E80DBC222CE37672009CB06D /* HoldingsViewModel.swift in Sources */,
				E80DBC1A2CE371A2009CB06D /* HoldingsDTO.swift in Sources */,
				E80DBC1C2CE371CE009CB06D /* Holdings.swift in Sources */,
				E85ACAB82CE3F88100BC6E1A /* BottomViewState.swift in Sources */,
				E85ACAB62CE3F7F200BC6E1A /* UIColor+Extension.swift in Sources */,
				E85ACAAE2CE3EE9400BC6E1A /* Double+Extension.swift in Sources */,
				E8FFD6EF2CE3694400DFF782 /* AppDelegate.swift in Sources */,
				E85ACABA2CE3F8A000BC6E1A /* InvestmentViewAttributes.swift in Sources */,
				E85ACAB22CE3EED900BC6E1A /* UIStackView+Extension.swift in Sources */,
				E80DBC202CE375D7009CB06D /* GetHoldingUseCase.swift in Sources */,
				E80DBC0E2CE36D8E009CB06D /* Endpoint.swift in Sources */,
				E85ACABC2CE3F8C900BC6E1A /* HoldingCellAttribute.swift in Sources */,
				E80DBC0F2CE36D8E009CB06D /* NetworkManager.swift in Sources */,
				E85ACAB02CE3EEB600BC6E1A /* Array+Extension.swift in Sources */,
				E8B5C6C02CE3C5D900A19B73 /* InvestmentBottomView.swift in Sources */,
				E8FFD6F12CE3694400DFF782 /* HoldingsViewController.swift in Sources */,
				E85ACAC22CE40DDA00BC6E1A /* HoldingRouter.swift in Sources */,
				E80DBC1E2CE37555009CB06D /* UserHolding.swift in Sources */,
				E85ACAC52CE411DF00BC6E1A /* HoldingResolver.swift in Sources */,
				E80DBC162CE370CA009CB06D /* HoldingsRepository.swift in Sources */,
				E80DBC242CE37E15009CB06D /* HoldingCell.swift in Sources */,
			);
			runOnlyForDeploymentPostprocessing = 0;
		};
		E8FFD6C32CE3691E00DFF782 /* Sources */ = {
			isa = PBXSourcesBuildPhase;
			buildActionMask = 2147483647;
			files = (
				E85ACAC82CE479DF00BC6E1A /* MockNetworkManager.swift in Sources */,
				E8FFD6F82CE3694600DFF782 /* HoldingRepositoryTest.swift in Sources */,
				E85ACAD82CE488F100BC6E1A /* HoldingsViewModelTest.swift in Sources */,
				E85ACAD52CE486CC00BC6E1A /* GetHoldingUseCaseTests.swift in Sources */,
			);
			runOnlyForDeploymentPostprocessing = 0;
		};
/* End PBXSourcesBuildPhase section */

/* Begin PBXTargetDependency section */
		E8FFD6C92CE3691E00DFF782 /* PBXTargetDependency */ = {
			isa = PBXTargetDependency;
			target = E8FFD6B02CE3691C00DFF782 /* UpstoxHolding */;
			targetProxy = E8FFD6C82CE3691E00DFF782 /* PBXContainerItemProxy */;
		};
/* End PBXTargetDependency section */

/* Begin PBXVariantGroup section */
		E8FFD6E92CE3694400DFF782 /* LaunchScreen.storyboard */ = {
			isa = PBXVariantGroup;
			children = (
				E8FFD6E82CE3694400DFF782 /* Base */,
			);
			name = LaunchScreen.storyboard;
			sourceTree = "<group>";
		};
/* End PBXVariantGroup section */

/* Begin XCBuildConfiguration section */
		E8FFD6DB2CE3691E00DFF782 /* Debug */ = {
			isa = XCBuildConfiguration;
			buildSettings = {
				ASSETCATALOG_COMPILER_APPICON_NAME = AppIcon;
				ASSETCATALOG_COMPILER_GLOBAL_ACCENT_COLOR_NAME = AccentColor;
				CODE_SIGN_STYLE = Automatic;
				CURRENT_PROJECT_VERSION = 1;
				GENERATE_INFOPLIST_FILE = YES;
				INFOPLIST_FILE = UpstoxHolding/Info.plist;
				INFOPLIST_KEY_UIApplicationSupportsIndirectInputEvents = YES;
				INFOPLIST_KEY_UILaunchStoryboardName = LaunchScreen;
				INFOPLIST_KEY_UISupportedInterfaceOrientations_iPad = "UIInterfaceOrientationPortrait UIInterfaceOrientationPortraitUpsideDown UIInterfaceOrientationLandscapeLeft UIInterfaceOrientationLandscapeRight";
				INFOPLIST_KEY_UISupportedInterfaceOrientations_iPhone = "UIInterfaceOrientationPortrait UIInterfaceOrientationLandscapeLeft UIInterfaceOrientationLandscapeRight";
				LD_RUNPATH_SEARCH_PATHS = (
					"$(inherited)",
					"@executable_path/Frameworks",
				);
				MARKETING_VERSION = 1.0;
				PRODUCT_BUNDLE_IDENTIFIER = com.self.UpstoxHolding;
				PRODUCT_NAME = "$(TARGET_NAME)";
				SWIFT_EMIT_LOC_STRINGS = YES;
				SWIFT_VERSION = 5.0;
				TARGETED_DEVICE_FAMILY = "1,2";
			};
			name = Debug;
		};
		E8FFD6DC2CE3691E00DFF782 /* Release */ = {
			isa = XCBuildConfiguration;
			buildSettings = {
				ASSETCATALOG_COMPILER_APPICON_NAME = AppIcon;
				ASSETCATALOG_COMPILER_GLOBAL_ACCENT_COLOR_NAME = AccentColor;
				CODE_SIGN_STYLE = Automatic;
				CURRENT_PROJECT_VERSION = 1;
				GENERATE_INFOPLIST_FILE = YES;
				INFOPLIST_FILE = UpstoxHolding/Info.plist;
				INFOPLIST_KEY_UIApplicationSupportsIndirectInputEvents = YES;
				INFOPLIST_KEY_UILaunchStoryboardName = LaunchScreen;
				INFOPLIST_KEY_UISupportedInterfaceOrientations_iPad = "UIInterfaceOrientationPortrait UIInterfaceOrientationPortraitUpsideDown UIInterfaceOrientationLandscapeLeft UIInterfaceOrientationLandscapeRight";
				INFOPLIST_KEY_UISupportedInterfaceOrientations_iPhone = "UIInterfaceOrientationPortrait UIInterfaceOrientationLandscapeLeft UIInterfaceOrientationLandscapeRight";
				LD_RUNPATH_SEARCH_PATHS = (
					"$(inherited)",
					"@executable_path/Frameworks",
				);
				MARKETING_VERSION = 1.0;
				PRODUCT_BUNDLE_IDENTIFIER = com.self.UpstoxHolding;
				PRODUCT_NAME = "$(TARGET_NAME)";
				SWIFT_EMIT_LOC_STRINGS = YES;
				SWIFT_VERSION = 5.0;
				TARGETED_DEVICE_FAMILY = "1,2";
			};
			name = Release;
		};
		E8FFD6DD2CE3691E00DFF782 /* Debug */ = {
			isa = XCBuildConfiguration;
			buildSettings = {
				ALWAYS_SEARCH_USER_PATHS = NO;
				ASSETCATALOG_COMPILER_GENERATE_SWIFT_ASSET_SYMBOL_EXTENSIONS = YES;
				CLANG_ANALYZER_NONNULL = YES;
				CLANG_ANALYZER_NUMBER_OBJECT_CONVERSION = YES_AGGRESSIVE;
				CLANG_CXX_LANGUAGE_STANDARD = "gnu++20";
				CLANG_ENABLE_MODULES = YES;
				CLANG_ENABLE_OBJC_ARC = YES;
				CLANG_ENABLE_OBJC_WEAK = YES;
				CLANG_WARN_BLOCK_CAPTURE_AUTORELEASING = YES;
				CLANG_WARN_BOOL_CONVERSION = YES;
				CLANG_WARN_COMMA = YES;
				CLANG_WARN_CONSTANT_CONVERSION = YES;
				CLANG_WARN_DEPRECATED_OBJC_IMPLEMENTATIONS = YES;
				CLANG_WARN_DIRECT_OBJC_ISA_USAGE = YES_ERROR;
				CLANG_WARN_DOCUMENTATION_COMMENTS = YES;
				CLANG_WARN_EMPTY_BODY = YES;
				CLANG_WARN_ENUM_CONVERSION = YES;
				CLANG_WARN_INFINITE_RECURSION = YES;
				CLANG_WARN_INT_CONVERSION = YES;
				CLANG_WARN_NON_LITERAL_NULL_CONVERSION = YES;
				CLANG_WARN_OBJC_IMPLICIT_RETAIN_SELF = YES;
				CLANG_WARN_OBJC_LITERAL_CONVERSION = YES;
				CLANG_WARN_OBJC_ROOT_CLASS = YES_ERROR;
				CLANG_WARN_QUOTED_INCLUDE_IN_FRAMEWORK_HEADER = YES;
				CLANG_WARN_RANGE_LOOP_ANALYSIS = YES;
				CLANG_WARN_STRICT_PROTOTYPES = YES;
				CLANG_WARN_SUSPICIOUS_MOVE = YES;
				CLANG_WARN_UNGUARDED_AVAILABILITY = YES_AGGRESSIVE;
				CLANG_WARN_UNREACHABLE_CODE = YES;
				CLANG_WARN__DUPLICATE_METHOD_MATCH = YES;
				COPY_PHASE_STRIP = NO;
				DEBUG_INFORMATION_FORMAT = dwarf;
				ENABLE_STRICT_OBJC_MSGSEND = YES;
				ENABLE_TESTABILITY = YES;
				ENABLE_USER_SCRIPT_SANDBOXING = YES;
				GCC_C_LANGUAGE_STANDARD = gnu17;
				GCC_DYNAMIC_NO_PIC = NO;
				GCC_NO_COMMON_BLOCKS = YES;
				GCC_OPTIMIZATION_LEVEL = 0;
				GCC_PREPROCESSOR_DEFINITIONS = (
					"DEBUG=1",
					"$(inherited)",
				);
				GCC_WARN_64_TO_32_BIT_CONVERSION = YES;
				GCC_WARN_ABOUT_RETURN_TYPE = YES_ERROR;
				GCC_WARN_UNDECLARED_SELECTOR = YES;
				GCC_WARN_UNINITIALIZED_AUTOS = YES_AGGRESSIVE;
				GCC_WARN_UNUSED_FUNCTION = YES;
				GCC_WARN_UNUSED_VARIABLE = YES;
				IPHONEOS_DEPLOYMENT_TARGET = 18.0;
				LOCALIZATION_PREFERS_STRING_CATALOGS = YES;
				MTL_ENABLE_DEBUG_INFO = INCLUDE_SOURCE;
				MTL_FAST_MATH = YES;
				ONLY_ACTIVE_ARCH = YES;
				SDKROOT = iphoneos;
				SWIFT_ACTIVE_COMPILATION_CONDITIONS = "DEBUG $(inherited)";
				SWIFT_OPTIMIZATION_LEVEL = "-Onone";
			};
			name = Debug;
		};
		E8FFD6DE2CE3691E00DFF782 /* Release */ = {
			isa = XCBuildConfiguration;
			buildSettings = {
				ALWAYS_SEARCH_USER_PATHS = NO;
				ASSETCATALOG_COMPILER_GENERATE_SWIFT_ASSET_SYMBOL_EXTENSIONS = YES;
				CLANG_ANALYZER_NONNULL = YES;
				CLANG_ANALYZER_NUMBER_OBJECT_CONVERSION = YES_AGGRESSIVE;
				CLANG_CXX_LANGUAGE_STANDARD = "gnu++20";
				CLANG_ENABLE_MODULES = YES;
				CLANG_ENABLE_OBJC_ARC = YES;
				CLANG_ENABLE_OBJC_WEAK = YES;
				CLANG_WARN_BLOCK_CAPTURE_AUTORELEASING = YES;
				CLANG_WARN_BOOL_CONVERSION = YES;
				CLANG_WARN_COMMA = YES;
				CLANG_WARN_CONSTANT_CONVERSION = YES;
				CLANG_WARN_DEPRECATED_OBJC_IMPLEMENTATIONS = YES;
				CLANG_WARN_DIRECT_OBJC_ISA_USAGE = YES_ERROR;
				CLANG_WARN_DOCUMENTATION_COMMENTS = YES;
				CLANG_WARN_EMPTY_BODY = YES;
				CLANG_WARN_ENUM_CONVERSION = YES;
				CLANG_WARN_INFINITE_RECURSION = YES;
				CLANG_WARN_INT_CONVERSION = YES;
				CLANG_WARN_NON_LITERAL_NULL_CONVERSION = YES;
				CLANG_WARN_OBJC_IMPLICIT_RETAIN_SELF = YES;
				CLANG_WARN_OBJC_LITERAL_CONVERSION = YES;
				CLANG_WARN_OBJC_ROOT_CLASS = YES_ERROR;
				CLANG_WARN_QUOTED_INCLUDE_IN_FRAMEWORK_HEADER = YES;
				CLANG_WARN_RANGE_LOOP_ANALYSIS = YES;
				CLANG_WARN_STRICT_PROTOTYPES = YES;
				CLANG_WARN_SUSPICIOUS_MOVE = YES;
				CLANG_WARN_UNGUARDED_AVAILABILITY = YES_AGGRESSIVE;
				CLANG_WARN_UNREACHABLE_CODE = YES;
				CLANG_WARN__DUPLICATE_METHOD_MATCH = YES;
				COPY_PHASE_STRIP = NO;
				DEBUG_INFORMATION_FORMAT = "dwarf-with-dsym";
				ENABLE_NS_ASSERTIONS = NO;
				ENABLE_STRICT_OBJC_MSGSEND = YES;
				ENABLE_USER_SCRIPT_SANDBOXING = YES;
				GCC_C_LANGUAGE_STANDARD = gnu17;
				GCC_NO_COMMON_BLOCKS = YES;
				GCC_WARN_64_TO_32_BIT_CONVERSION = YES;
				GCC_WARN_ABOUT_RETURN_TYPE = YES_ERROR;
				GCC_WARN_UNDECLARED_SELECTOR = YES;
				GCC_WARN_UNINITIALIZED_AUTOS = YES_AGGRESSIVE;
				GCC_WARN_UNUSED_FUNCTION = YES;
				GCC_WARN_UNUSED_VARIABLE = YES;
				IPHONEOS_DEPLOYMENT_TARGET = 18.0;
				LOCALIZATION_PREFERS_STRING_CATALOGS = YES;
				MTL_ENABLE_DEBUG_INFO = NO;
				MTL_FAST_MATH = YES;
				SDKROOT = iphoneos;
				SWIFT_COMPILATION_MODE = wholemodule;
				VALIDATE_PRODUCT = YES;
			};
			name = Release;
		};
		E8FFD6E02CE3691E00DFF782 /* Debug */ = {
			isa = XCBuildConfiguration;
			buildSettings = {
				BUNDLE_LOADER = "$(TEST_HOST)";
				CODE_SIGN_STYLE = Automatic;
				CURRENT_PROJECT_VERSION = 1;
				GENERATE_INFOPLIST_FILE = YES;
				IPHONEOS_DEPLOYMENT_TARGET = 18.0;
				MARKETING_VERSION = 1.0;
				PRODUCT_BUNDLE_IDENTIFIER = com.self.UpstoxHoldingTests;
				PRODUCT_NAME = "$(TARGET_NAME)";
				SWIFT_EMIT_LOC_STRINGS = NO;
				SWIFT_VERSION = 5.0;
				TARGETED_DEVICE_FAMILY = "1,2";
				TEST_HOST = "$(BUILT_PRODUCTS_DIR)/UpstoxHolding.app/$(BUNDLE_EXECUTABLE_FOLDER_PATH)/UpstoxHolding";
			};
			name = Debug;
		};
		E8FFD6E12CE3691E00DFF782 /* Release */ = {
			isa = XCBuildConfiguration;
			buildSettings = {
				BUNDLE_LOADER = "$(TEST_HOST)";
				CODE_SIGN_STYLE = Automatic;
				CURRENT_PROJECT_VERSION = 1;
				GENERATE_INFOPLIST_FILE = YES;
				IPHONEOS_DEPLOYMENT_TARGET = 18.0;
				MARKETING_VERSION = 1.0;
				PRODUCT_BUNDLE_IDENTIFIER = com.self.UpstoxHoldingTests;
				PRODUCT_NAME = "$(TARGET_NAME)";
				SWIFT_EMIT_LOC_STRINGS = NO;
				SWIFT_VERSION = 5.0;
				TARGETED_DEVICE_FAMILY = "1,2";
				TEST_HOST = "$(BUILT_PRODUCTS_DIR)/UpstoxHolding.app/$(BUNDLE_EXECUTABLE_FOLDER_PATH)/UpstoxHolding";
			};
			name = Release;
		};
/* End XCBuildConfiguration section */

/* Begin XCConfigurationList section */
		E8FFD6AC2CE3691C00DFF782 /* Build configuration list for PBXProject "UpstoxHolding" */ = {
			isa = XCConfigurationList;
			buildConfigurations = (
				E8FFD6DD2CE3691E00DFF782 /* Debug */,
				E8FFD6DE2CE3691E00DFF782 /* Release */,
			);
			defaultConfigurationIsVisible = 0;
			defaultConfigurationName = Release;
		};
		E8FFD6DA2CE3691E00DFF782 /* Build configuration list for PBXNativeTarget "UpstoxHolding" */ = {
			isa = XCConfigurationList;
			buildConfigurations = (
				E8FFD6DB2CE3691E00DFF782 /* Debug */,
				E8FFD6DC2CE3691E00DFF782 /* Release */,
			);
			defaultConfigurationIsVisible = 0;
			defaultConfigurationName = Release;
		};
		E8FFD6DF2CE3691E00DFF782 /* Build configuration list for PBXNativeTarget "UpstoxHoldingTests" */ = {
			isa = XCConfigurationList;
			buildConfigurations = (
				E8FFD6E02CE3691E00DFF782 /* Debug */,
				E8FFD6E12CE3691E00DFF782 /* Release */,
			);
			defaultConfigurationIsVisible = 0;
			defaultConfigurationName = Release;
		};
/* End XCConfigurationList section */
	};
	rootObject = E8FFD6A92CE3691C00DFF782 /* Project object */;
}
